{
  "version": 4,
  "terraform_version": "0.12.29",
  "serial": 93,
  "lineage": "6243ac80-3cc0-eb35-ec6c-d25928b56789",
  "outputs": {},
  "resources": [
    {
      "mode": "managed",
      "type": "aws_eip",
      "name": "ig-eip",
      "provider": "provider.aws",
      "instances": [
        {
          "schema_version": 0,
          "attributes": {
            "allocation_id": null,
            "associate_with_private_ip": "10.0.1.50",
            "association_id": "eipassoc-08b79b832eaede40c",
            "carrier_ip": "",
            "customer_owned_ip": "",
            "customer_owned_ipv4_pool": "",
            "domain": "vpc",
            "id": "eipalloc-0433a53cda066353a",
            "instance": "i-07f486d9ce4a903e5",
            "network_border_group": "us-east-1",
            "network_interface": "eni-0fa90eb588a9338a6",
            "private_dns": "ip-10-0-1-50.ec2.internal",
            "private_ip": "10.0.1.50",
            "public_dns": "ec2-3-209-141-229.compute-1.amazonaws.com",
            "public_ip": "3.209.141.229",
            "public_ipv4_pool": "amazon",
            "tags": {},
            "timeouts": null,
            "vpc": true
          },
          "private": "eyJlMmJmYjczMC1lY2FhLTExZTYtOGY4OC0zNDM2M2JjN2M0YzAiOnsiZGVsZXRlIjoxODAwMDAwMDAwMDAsInJlYWQiOjkwMDAwMDAwMDAwMCwidXBkYXRlIjozMDAwMDAwMDAwMDB9fQ==",
          "dependencies": [
            "aws_instance.public-instance",
            "aws_internet_gateway.project-igw",
            "aws_network_interface.pub-server-nic",
            "aws_security_group.project-sg",
            "aws_subnet.subnet-pub",
            "aws_vpc.project-vpc"
          ]
        }
      ]
    },
    {
      "mode": "managed",
      "type": "aws_eip",
      "name": "nat-eip",
      "provider": "provider.aws",
      "instances": [
        {
          "schema_version": 0,
          "attributes": {
            "allocation_id": null,
            "associate_with_private_ip": null,
            "association_id": "eipassoc-0fad9e13954955c92",
            "carrier_ip": "",
            "customer_owned_ip": "",
            "customer_owned_ipv4_pool": "",
            "domain": "vpc",
            "id": "eipalloc-0774eb30744a6b06b",
            "instance": "",
            "network_border_group": "us-east-1",
            "network_interface": "eni-04a69b18b3ae46f96",
            "private_dns": "ip-10-0-1-193.ec2.internal",
            "private_ip": "10.0.1.193",
            "public_dns": "ec2-35-153-128-255.compute-1.amazonaws.com",
            "public_ip": "35.153.128.255",
            "public_ipv4_pool": "amazon",
            "tags": {},
            "timeouts": null,
            "vpc": true
          },
          "private": "eyJlMmJmYjczMC1lY2FhLTExZTYtOGY4OC0zNDM2M2JjN2M0YzAiOnsiZGVsZXRlIjoxODAwMDAwMDAwMDAsInJlYWQiOjkwMDAwMDAwMDAwMCwidXBkYXRlIjozMDAwMDAwMDAwMDB9fQ==",
          "dependencies": [
            "aws_internet_gateway.project-igw",
            "aws_vpc.project-vpc"
          ]
        }
      ]
    },
    {
      "mode": "managed",
      "type": "aws_instance",
      "name": "private-instance",
      "provider": "provider.aws",
      "instances": [
        {
          "schema_version": 1,
          "attributes": {
            "ami": "ami-0a8b4cd432b1c3063",
            "arn": "arn:aws:ec2:us-east-1:651521144954:instance/i-0ce240627abd000be",
            "associate_public_ip_address": false,
            "availability_zone": "us-east-1b",
            "cpu_core_count": 1,
            "cpu_threads_per_core": 1,
            "credit_specification": [
              {
                "cpu_credits": "standard"
              }
            ],
            "disable_api_termination": false,
            "ebs_block_device": [],
            "ebs_optimized": false,
            "enclave_options": [
              {
                "enabled": false
              }
            ],
            "ephemeral_block_device": [],
            "get_password_data": false,
            "hibernation": false,
            "host_id": null,
            "iam_instance_profile": "",
            "id": "i-0ce240627abd000be",
            "instance_initiated_shutdown_behavior": null,
            "instance_state": "running",
            "instance_type": "t2.micro",
            "ipv6_address_count": 0,
            "ipv6_addresses": [],
            "key_name": "project-key",
            "metadata_options": [
              {
                "http_endpoint": "enabled",
                "http_put_response_hop_limit": 1,
                "http_tokens": "optional"
              }
            ],
            "monitoring": false,
            "network_interface": [],
            "outpost_arn": "",
            "password_data": "",
            "placement_group": "",
            "primary_network_interface_id": "eni-0c67062739b7feb2c",
            "private_dns": "ip-10-0-2-227.ec2.internal",
            "private_ip": "10.0.2.227",
            "public_dns": "",
            "public_ip": "",
            "root_block_device": [
              {
                "delete_on_termination": true,
                "device_name": "/dev/xvda",
                "encrypted": false,
                "iops": 100,
                "kms_key_id": "",
                "tags": {},
                "throughput": 0,
                "volume_id": "vol-0f1ed36c3e4e94a95",
                "volume_size": 8,
                "volume_type": "gp2"
              }
            ],
            "secondary_private_ips": [],
            "security_groups": [],
            "source_dest_check": true,
            "subnet_id": "subnet-00bd622de02497215",
            "tags": {
              "Name": "private-server"
            },
            "tenancy": "default",
            "timeouts": null,
            "user_data": "de5abe50bd90692e58f83b050f91d57c6b869c28",
            "user_data_base64": null,
            "volume_tags": null,
            "vpc_security_group_ids": [
              "sg-0a02aaa32db126187"
            ]
          },
          "private": "eyJlMmJmYjczMC1lY2FhLTExZTYtOGY4OC0zNDM2M2JjN2M0YzAiOnsiY3JlYXRlIjo2MDAwMDAwMDAwMDAsImRlbGV0ZSI6MTIwMDAwMDAwMDAwMCwidXBkYXRlIjo2MDAwMDAwMDAwMDB9LCJzY2hlbWFfdmVyc2lvbiI6IjEifQ==",
          "dependencies": [
            "aws_security_group.project-sg",
            "aws_subnet.subnet-priv"
          ]
        }
      ]
    },
    {
      "mode": "managed",
      "type": "aws_instance",
      "name": "public-instance",
      "provider": "provider.aws",
      "instances": [
        {
          "schema_version": 1,
          "attributes": {
            "ami": "ami-0a8b4cd432b1c3063",
            "arn": "arn:aws:ec2:us-east-1:651521144954:instance/i-07f486d9ce4a903e5",
            "associate_public_ip_address": true,
            "availability_zone": "us-east-1a",
            "cpu_core_count": 1,
            "cpu_threads_per_core": 1,
            "credit_specification": [
              {
                "cpu_credits": "standard"
              }
            ],
            "disable_api_termination": false,
            "ebs_block_device": [],
            "ebs_optimized": false,
            "enclave_options": [
              {
                "enabled": false
              }
            ],
            "ephemeral_block_device": [],
            "get_password_data": false,
            "hibernation": false,
            "host_id": null,
            "iam_instance_profile": "",
            "id": "i-07f486d9ce4a903e5",
            "instance_initiated_shutdown_behavior": null,
            "instance_state": "running",
            "instance_type": "t2.micro",
            "ipv6_address_count": 0,
            "ipv6_addresses": [],
            "key_name": "project-key",
            "metadata_options": [
              {
                "http_endpoint": "enabled",
                "http_put_response_hop_limit": 1,
                "http_tokens": "optional"
              }
            ],
            "monitoring": false,
            "network_interface": [
              {
                "delete_on_termination": false,
                "device_index": 0,
                "network_interface_id": "eni-0fa90eb588a9338a6"
              }
            ],
            "outpost_arn": "",
            "password_data": "",
            "placement_group": "",
            "primary_network_interface_id": "eni-0fa90eb588a9338a6",
            "private_dns": "ip-10-0-1-50.ec2.internal",
            "private_ip": "10.0.1.50",
            "public_dns": "",
            "public_ip": "3.209.141.229",
            "root_block_device": [
              {
                "delete_on_termination": true,
                "device_name": "/dev/xvda",
                "encrypted": false,
                "iops": 100,
                "kms_key_id": "",
                "tags": {},
                "throughput": 0,
                "volume_id": "vol-068a361b6761ffb7c",
                "volume_size": 8,
                "volume_type": "gp2"
              }
            ],
            "secondary_private_ips": [],
            "security_groups": [],
            "source_dest_check": true,
            "subnet_id": "subnet-0c74f28160c6fe337",
            "tags": {
              "Name": "public-server"
            },
            "tenancy": "default",
            "timeouts": null,
            "user_data": "de5abe50bd90692e58f83b050f91d57c6b869c28",
            "user_data_base64": null,
            "volume_tags": null,
            "vpc_security_group_ids": [
              "sg-0a02aaa32db126187"
            ]
          },
          "private": "eyJlMmJmYjczMC1lY2FhLTExZTYtOGY4OC0zNDM2M2JjN2M0YzAiOnsiY3JlYXRlIjo2MDAwMDAwMDAwMDAsImRlbGV0ZSI6MTIwMDAwMDAwMDAwMCwidXBkYXRlIjo2MDAwMDAwMDAwMDB9LCJzY2hlbWFfdmVyc2lvbiI6IjEifQ==",
          "dependencies": [
            "aws_network_interface.pub-server-nic",
            "aws_security_group.project-sg",
            "aws_subnet.subnet-pub",
            "aws_vpc.project-vpc"
          ]
        }
      ]
    },
    {
      "mode": "managed",
      "type": "aws_internet_gateway",
      "name": "project-igw",
      "provider": "provider.aws",
      "instances": [
        {
          "schema_version": 0,
          "attributes": {
            "arn": "arn:aws:ec2:us-east-1:651521144954:internet-gateway/igw-077a74444027e12ad",
            "id": "igw-077a74444027e12ad",
            "owner_id": "651521144954",
            "tags": {},
            "vpc_id": "vpc-004425fdcfdebf437"
          },
          "private": "bnVsbA==",
          "dependencies": [
            "aws_vpc.project-vpc"
          ]
        }
      ]
    },
    {
      "mode": "managed",
      "type": "aws_key_pair",
      "name": "key_pub",
      "provider": "provider.aws",
      "instances": [
        {
          "schema_version": 1,
          "attributes": {
            "arn": "arn:aws:ec2:us-east-1:651521144954:key-pair/project-key",
            "fingerprint": "17:31:91:e9:05:a3:5b:04:80:03:10:60:e7:d0:27:cb",
            "id": "project-key",
            "key_name": "project-key",
            "key_name_prefix": null,
            "key_pair_id": "key-07a4292a4a6c9a184",
            "public_key": "ssh-rsa AAAAB3NzaC1yc2EAAAADAQABAAABAQCclkEiyekRdVOZP3WM9B+OTl8s5Xq3L+fLdiLHV4eP0Un8u3xV+wyIUsmJIsTqPmAxt6tkx1dYDuOwI0VPdCYLwFx2sNIj6sSleR1MeQ6lmhbqS6VoQfmHcsehoYYKVct2TRX0zjs+CWWFIJI69bsaeb+VD7OdqYe54nAVRqnvl0PAiCedo4ODDFGNBv6/Os5GggN5QxmUYfi3xmC41bo9Mm7bLXLcqVBkPjFnVytyNENFuis8iUQNT6uWoRIT1fsCFebEd/kHvPVl+CvIiz0cLmNPtDn2WM7/qKi0RpGVFuN2bv5lOkepLVDm6MnUdiby1ag2IbEQ5GxnJuY6Mv9z",
            "tags": {}
          },
          "private": "eyJzY2hlbWFfdmVyc2lvbiI6IjEifQ==",
          "dependencies": [
            "local_file.keyfile",
            "tls_private_key.key_pvt"
          ]
        }
      ]
    },
    {
      "mode": "managed",
      "type": "aws_nat_gateway",
      "name": "project-ngw",
      "provider": "provider.aws",
      "instances": [
        {
          "schema_version": 0,
          "attributes": {
            "allocation_id": "eipalloc-0774eb30744a6b06b",
            "id": "nat-0631052766a3819f5",
            "network_interface_id": "eni-04a69b18b3ae46f96",
            "private_ip": "10.0.1.193",
            "public_ip": "35.153.128.255",
            "subnet_id": "subnet-0c74f28160c6fe337",
            "tags": {
              "Name": "project-nat-gateway"
            }
          },
          "private": "bnVsbA==",
          "dependencies": [
            "aws_eip.nat-eip",
            "aws_internet_gateway.project-igw",
            "aws_subnet.subnet-pub",
            "aws_vpc.project-vpc"
          ]
        }
      ]
    },
    {
      "mode": "managed",
      "type": "aws_network_interface",
      "name": "pub-server-nic",
      "provider": "provider.aws",
      "instances": [
        {
          "schema_version": 0,
          "attributes": {
            "attachment": [
              {
                "attachment_id": "eni-attach-06344cb71ecd0492d",
                "device_index": 0,
                "instance": "i-07f486d9ce4a903e5"
              }
            ],
            "description": "",
            "id": "eni-0fa90eb588a9338a6",
            "ipv6_address_count": 0,
            "ipv6_addresses": [],
            "mac_address": "12:21:69:ef:83:ff",
            "outpost_arn": "",
            "private_dns_name": "",
            "private_ip": "10.0.1.50",
            "private_ips": [
              "10.0.1.50"
            ],
            "private_ips_count": 0,
            "security_groups": [
              "sg-0a02aaa32db126187"
            ],
            "source_dest_check": true,
            "subnet_id": "subnet-0c74f28160c6fe337",
            "tags": {}
          },
          "private": "bnVsbA==",
          "dependencies": [
            "aws_security_group.project-sg",
            "aws_subnet.subnet-pub",
            "aws_vpc.project-vpc"
          ]
        }
      ]
    },
    {
      "mode": "managed",
      "type": "aws_route_table",
      "name": "project-ig-route-table",
      "provider": "provider.aws",
      "instances": [
        {
          "schema_version": 0,
          "attributes": {
            "arn": "arn:aws:ec2:us-east-1:651521144954:route-table/rtb-0f241331a853c3716",
            "id": "rtb-0f241331a853c3716",
            "owner_id": "651521144954",
            "propagating_vgws": [],
            "route": [
              {
                "carrier_gateway_id": "",
                "cidr_block": "0.0.0.0/0",
                "destination_prefix_list_id": "",
                "egress_only_gateway_id": "",
                "gateway_id": "igw-077a74444027e12ad",
                "instance_id": "",
                "ipv6_cidr_block": "",
                "local_gateway_id": "",
                "nat_gateway_id": "",
                "network_interface_id": "",
                "transit_gateway_id": "",
                "vpc_endpoint_id": "",
                "vpc_peering_connection_id": ""
              }
            ],
            "tags": {
              "Name": "project-ig-routetable"
            },
            "vpc_id": "vpc-004425fdcfdebf437"
          },
          "private": "bnVsbA==",
          "dependencies": [
            "aws_internet_gateway.project-igw",
            "aws_vpc.project-vpc"
          ]
        }
      ]
    },
    {
      "mode": "managed",
      "type": "aws_route_table",
      "name": "project-nat-route-table",
      "provider": "provider.aws",
      "instances": [
        {
          "schema_version": 0,
          "attributes": {
            "arn": "arn:aws:ec2:us-east-1:651521144954:route-table/rtb-0d05440ee26dace0f",
            "id": "rtb-0d05440ee26dace0f",
            "owner_id": "651521144954",
            "propagating_vgws": [],
            "route": [
              {
                "carrier_gateway_id": "",
                "cidr_block": "0.0.0.0/0",
                "destination_prefix_list_id": "",
                "egress_only_gateway_id": "",
                "gateway_id": "nat-0631052766a3819f5",
                "instance_id": "",
                "ipv6_cidr_block": "",
                "local_gateway_id": "",
                "nat_gateway_id": "",
                "network_interface_id": "",
                "transit_gateway_id": "",
                "vpc_endpoint_id": "",
                "vpc_peering_connection_id": ""
              }
            ],
            "tags": {
              "Name": "project-nat-routetable"
            },
            "vpc_id": "vpc-004425fdcfdebf437"
          },
          "private": "bnVsbA==",
          "dependencies": [
            "aws_nat_gateway.project-ngw",
            "aws_vpc.project-vpc"
          ]
        }
      ]
    },
    {
      "mode": "managed",
      "type": "aws_route_table_association",
      "name": "a",
      "provider": "provider.aws",
      "instances": [
        {
          "schema_version": 0,
          "attributes": {
            "gateway_id": null,
            "id": "rtbassoc-09a0dbddf7a4c6618",
            "route_table_id": "rtb-0f241331a853c3716",
            "subnet_id": "subnet-0c74f28160c6fe337"
          },
          "private": "bnVsbA==",
          "dependencies": [
            "aws_internet_gateway.project-igw",
            "aws_route_table.project-ig-route-table",
            "aws_subnet.subnet-pub",
            "aws_vpc.project-vpc"
          ]
        }
      ]
    },
    {
      "mode": "managed",
      "type": "aws_route_table_association",
      "name": "b",
      "provider": "provider.aws",
      "instances": [
        {
          "schema_version": 0,
          "attributes": {
            "gateway_id": null,
            "id": "rtbassoc-03cd3f3f71cc0f484",
            "route_table_id": "rtb-0d05440ee26dace0f",
            "subnet_id": "subnet-00bd622de02497215"
          },
          "private": "bnVsbA==",
          "dependencies": [
            "aws_eip.nat-eip",
            "aws_internet_gateway.project-igw",
            "aws_nat_gateway.project-ngw",
            "aws_route_table.project-nat-route-table",
            "aws_subnet.subnet-priv",
            "aws_subnet.subnet-pub",
            "aws_vpc.project-vpc"
          ]
        }
      ]
    },
    {
      "mode": "managed",
      "type": "aws_security_group",
      "name": "project-sg",
      "provider": "provider.aws",
      "instances": [
        {
          "schema_version": 1,
          "attributes": {
            "arn": "arn:aws:ec2:us-east-1:651521144954:security-group/sg-0a02aaa32db126187",
            "description": "Managed by Terraform",
            "egress": [
              {
                "cidr_blocks": [
                  "0.0.0.0/0"
                ],
                "description": "",
                "from_port": 0,
                "ipv6_cidr_blocks": [],
                "prefix_list_ids": [],
                "protocol": "-1",
                "security_groups": [],
                "self": false,
                "to_port": 0
              }
            ],
            "id": "sg-0a02aaa32db126187",
            "ingress": [
              {
                "cidr_blocks": [
                  "0.0.0.0/0"
                ],
                "description": "HTTP",
                "from_port": 80,
                "ipv6_cidr_blocks": [],
                "prefix_list_ids": [],
                "protocol": "tcp",
                "security_groups": [],
                "self": false,
                "to_port": 80
              },
              {
                "cidr_blocks": [
                  "0.0.0.0/0"
                ],
                "description": "SSH",
                "from_port": 22,
                "ipv6_cidr_blocks": [],
                "prefix_list_ids": [],
                "protocol": "tcp",
                "security_groups": [],
                "self": false,
                "to_port": 22
              }
            ],
            "name": "project sg",
            "name_prefix": "",
            "owner_id": "651521144954",
            "revoke_rules_on_delete": false,
            "tags": {
              "Name": "Project-sg"
            },
            "timeouts": null,
            "vpc_id": "vpc-004425fdcfdebf437"
          },
          "private": "eyJlMmJmYjczMC1lY2FhLTExZTYtOGY4OC0zNDM2M2JjN2M0YzAiOnsiY3JlYXRlIjo2MDAwMDAwMDAwMDAsImRlbGV0ZSI6OTAwMDAwMDAwMDAwfSwic2NoZW1hX3ZlcnNpb24iOiIxIn0=",
          "dependencies": [
            "aws_vpc.project-vpc"
          ]
        }
      ]
    },
    {
      "mode": "managed",
      "type": "aws_subnet",
      "name": "subnet-priv",
      "provider": "provider.aws",
      "instances": [
        {
          "schema_version": 1,
          "attributes": {
            "arn": "arn:aws:ec2:us-east-1:651521144954:subnet/subnet-00bd622de02497215",
            "assign_ipv6_address_on_creation": false,
            "availability_zone": "us-east-1b",
            "availability_zone_id": "use1-az4",
            "cidr_block": "10.0.2.0/24",
            "customer_owned_ipv4_pool": "",
            "id": "subnet-00bd622de02497215",
            "ipv6_cidr_block": "",
            "ipv6_cidr_block_association_id": "",
            "map_customer_owned_ip_on_launch": false,
            "map_public_ip_on_launch": false,
            "outpost_arn": "",
            "owner_id": "651521144954",
            "tags": {
              "Name": "project-priv-subnet"
            },
            "tags_all": {
              "Name": "project-priv-subnet"
            },
            "timeouts": null,
            "vpc_id": "vpc-004425fdcfdebf437"
          },
          "private": "eyJlMmJmYjczMC1lY2FhLTExZTYtOGY4OC0zNDM2M2JjN2M0YzAiOnsiY3JlYXRlIjo2MDAwMDAwMDAwMDAsImRlbGV0ZSI6MTIwMDAwMDAwMDAwMH0sInNjaGVtYV92ZXJzaW9uIjoiMSJ9",
          "dependencies": [
            "aws_vpc.project-vpc"
          ]
        }
      ]
    },
    {
      "mode": "managed",
      "type": "aws_subnet",
      "name": "subnet-pub",
      "provider": "provider.aws",
      "instances": [
        {
          "schema_version": 1,
          "attributes": {
            "arn": "arn:aws:ec2:us-east-1:651521144954:subnet/subnet-0c74f28160c6fe337",
            "assign_ipv6_address_on_creation": false,
            "availability_zone": "us-east-1a",
            "availability_zone_id": "use1-az2",
            "cidr_block": "10.0.1.0/24",
            "customer_owned_ipv4_pool": "",
            "id": "subnet-0c74f28160c6fe337",
            "ipv6_cidr_block": "",
            "ipv6_cidr_block_association_id": "",
            "map_customer_owned_ip_on_launch": false,
            "map_public_ip_on_launch": false,
            "outpost_arn": "",
            "owner_id": "651521144954",
            "tags": {
              "Name": "project-pub-subnet"
            },
            "tags_all": {
              "Name": "project-pub-subnet"
            },
            "timeouts": null,
            "vpc_id": "vpc-004425fdcfdebf437"
          },
          "private": "eyJlMmJmYjczMC1lY2FhLTExZTYtOGY4OC0zNDM2M2JjN2M0YzAiOnsiY3JlYXRlIjo2MDAwMDAwMDAwMDAsImRlbGV0ZSI6MTIwMDAwMDAwMDAwMH0sInNjaGVtYV92ZXJzaW9uIjoiMSJ9",
          "dependencies": [
            "aws_vpc.project-vpc"
          ]
        }
      ]
    },
    {
      "mode": "managed",
      "type": "aws_vpc",
      "name": "project-vpc",
      "provider": "provider.aws",
      "instances": [
        {
          "schema_version": 1,
          "attributes": {
            "arn": "arn:aws:ec2:us-east-1:651521144954:vpc/vpc-004425fdcfdebf437",
            "assign_generated_ipv6_cidr_block": false,
            "cidr_block": "10.0.0.0/16",
            "default_network_acl_id": "acl-0ff29103dc13d3d6e",
            "default_route_table_id": "rtb-09ae12ed4a79dad7b",
            "default_security_group_id": "sg-044af4fc6e96e712b",
            "dhcp_options_id": "dopt-0cc147ec2df502b80",
            "enable_classiclink": false,
            "enable_classiclink_dns_support": false,
            "enable_dns_hostnames": false,
            "enable_dns_support": true,
            "id": "vpc-004425fdcfdebf437",
            "instance_tenancy": "default",
            "ipv6_association_id": "",
            "ipv6_cidr_block": "",
            "main_route_table_id": "rtb-09ae12ed4a79dad7b",
            "owner_id": "651521144954",
            "tags": {
              "Name": "project"
            },
            "tags_all": {
              "Name": "project"
            }
          },
          "private": "eyJzY2hlbWFfdmVyc2lvbiI6IjEifQ=="
        }
      ]
    },
    {
      "mode": "managed",
      "type": "local_file",
      "name": "keyfile",
      "provider": "provider.local",
      "instances": [
        {
          "schema_version": 0,
          "attributes": {
            "content": "-----BEGIN RSA PRIVATE KEY-----\nMIIEogIBAAKCAQEAnJZBIsnpEXVTmT91jPQfjk5fLOV6ty/ny3Yix1eHj9FJ/Lt8\nVfsMiFLJiSLE6j5gMberZMdXWA7jsCNFT3QmC8BcdrDSI+rEpXkdTHkOpZoW6kul\naEH5h3LHoaGGClXLdk0V9M47PgllhSCSOvW7Gnm/lQ+znamHueJwFUap75dDwIgn\nnaODgwxRjQb+vzrORoIDeUMZlGH4t8ZguNW6PTJu2y1y3KlQZD4xZ1crcjRDRbor\nPIlEDU+rlqESE9X7AhXmxHf5B7z1ZfgryIs9HC5jT7Q59ljO/6iotEaRlRbjdm7+\nZTpHqS1Q5ujJ1HYm8tWoNiGxEORsZybmOjL/cwIDAQABAoIBAHsuDBF06p7sQBZn\nAG8gwA4vgtmLsIyY5+x7g4JzTdYKGvzw9C+jLUm0bowtyOBIr12NEgxWcFR6agzu\nwiBty1wlN9e646STk5xkeXLmLGqDnBE17unkNIqj9X0l1o8czNDEdUg+UAZOWAlx\nBPfSxRxfuCFn17FoYrgM9IUYMKijiACsbALFn6OffhlS3Y13REoYFgza/Zei4JYX\nxzs8xKkfmgsFPdXL4jcODwmTM+5bYud/41IEHceAFWFhz2/I12FWWZB58XF5ONdx\nPwDo/yhWiO1mEjNOE1Vhf+XfO67+Ai9EOs9uXsCyPLJrBuka+hubeFSE51dBG5Qh\nNfCZxLECgYEAxNaNg2scGfa98EEIZA6h0Weu1+dXPGZkqsjRR0Uj6Aa9PQ8/WMEr\nCYRT7jDNt0Vtjv11d/e3Kr8AZZd063tjJ+PERRb/b5j2MA3oj9MfK6cAsasCrzPL\nVMIA5x2KEgoXsk/4a0COF43JmB4VXqi5xeJFl+Rr3/gIVfQ4ntE/jHsCgYEAy6ah\nASWdhZ4B/bkiDJLUdOgE7fFOBrBO/Kl+A3RR/bi6bbugb6tAvlJgBoumjK6joZAK\nsDr6DYeLI5FygkMPJ6lOeVQIjwRUx5hVuxUEoAXHBkMPe5GEKfSJwLpZR0RbsJSQ\nDsXTCFy7RdaTrxRPEOcQBt1itrRN/6uyvxI702kCgYBaD9kcAkwPTShG31qZfWBo\n0cncG4t8pVT2F4A53da5+Sto3qsbTvcEGbnVSBs3+dpRDINM6tiyBEaINS5X+FK8\nE6jf+8/QHeq2vgZkmDKw5G6a3CYUR9yG4WVMWeWsr1V8Tr7ZQ+Y/vK46nbklYInv\nksJI50i8Z15ZBa9Ka29qNQKBgCZ7djEhSoLVOMsZELYPiNYOgd/0mSnqZwKXhJhi\ngpvPLGtP6SEw2ysbpcmW2gH7fjApZ9ulSVsFIeW2tkynH1X/SDTlDDj6OIr+3jRb\n5GPYs6MbSPGwrai/7MfebsBoymqzqAUinJ4X58tqoL2UuNwYzY5+hwi/SX3mlABH\nEccBAoGAHsexD6Yh56iPwEmIgZuSXeqG9u6Qh+wkEqJ0RdXYW8FVHaBCwqeNLubJ\nAJqmirmiAO72ZZ58sG5fqt+wJkjPGPbGfYr7kjgUOJ8wNtN6qrL1MS4VQOL68OE3\nLg6cGAm+UV1VXOZ+tYpqMy0KfB4Z7kZTDb74e2NI0wDmEFfxmKs=\n-----END RSA PRIVATE KEY-----\n",
            "content_base64": null,
            "directory_permission": "0777",
            "file_permission": "0777",
            "filename": "key.pem",
            "id": "e38b80070c595f1d5c8f659f4b00c87c6916c34d",
            "sensitive_content": null,
            "source": null
          },
          "private": "bnVsbA==",
          "dependencies": [
            "tls_private_key.key_pvt"
          ]
        }
      ]
    },
    {
      "mode": "managed",
      "type": "tls_private_key",
      "name": "key_pvt",
      "provider": "provider.tls",
      "instances": [
        {
          "schema_version": 0,
          "attributes": {
            "algorithm": "RSA",
            "ecdsa_curve": "P224",
            "id": "d6abfe65aed2e2ee9949e818240e6d8756c5d42c",
            "private_key_pem": "-----BEGIN RSA PRIVATE KEY-----\nMIIEogIBAAKCAQEAnJZBIsnpEXVTmT91jPQfjk5fLOV6ty/ny3Yix1eHj9FJ/Lt8\nVfsMiFLJiSLE6j5gMberZMdXWA7jsCNFT3QmC8BcdrDSI+rEpXkdTHkOpZoW6kul\naEH5h3LHoaGGClXLdk0V9M47PgllhSCSOvW7Gnm/lQ+znamHueJwFUap75dDwIgn\nnaODgwxRjQb+vzrORoIDeUMZlGH4t8ZguNW6PTJu2y1y3KlQZD4xZ1crcjRDRbor\nPIlEDU+rlqESE9X7AhXmxHf5B7z1ZfgryIs9HC5jT7Q59ljO/6iotEaRlRbjdm7+\nZTpHqS1Q5ujJ1HYm8tWoNiGxEORsZybmOjL/cwIDAQABAoIBAHsuDBF06p7sQBZn\nAG8gwA4vgtmLsIyY5+x7g4JzTdYKGvzw9C+jLUm0bowtyOBIr12NEgxWcFR6agzu\nwiBty1wlN9e646STk5xkeXLmLGqDnBE17unkNIqj9X0l1o8czNDEdUg+UAZOWAlx\nBPfSxRxfuCFn17FoYrgM9IUYMKijiACsbALFn6OffhlS3Y13REoYFgza/Zei4JYX\nxzs8xKkfmgsFPdXL4jcODwmTM+5bYud/41IEHceAFWFhz2/I12FWWZB58XF5ONdx\nPwDo/yhWiO1mEjNOE1Vhf+XfO67+Ai9EOs9uXsCyPLJrBuka+hubeFSE51dBG5Qh\nNfCZxLECgYEAxNaNg2scGfa98EEIZA6h0Weu1+dXPGZkqsjRR0Uj6Aa9PQ8/WMEr\nCYRT7jDNt0Vtjv11d/e3Kr8AZZd063tjJ+PERRb/b5j2MA3oj9MfK6cAsasCrzPL\nVMIA5x2KEgoXsk/4a0COF43JmB4VXqi5xeJFl+Rr3/gIVfQ4ntE/jHsCgYEAy6ah\nASWdhZ4B/bkiDJLUdOgE7fFOBrBO/Kl+A3RR/bi6bbugb6tAvlJgBoumjK6joZAK\nsDr6DYeLI5FygkMPJ6lOeVQIjwRUx5hVuxUEoAXHBkMPe5GEKfSJwLpZR0RbsJSQ\nDsXTCFy7RdaTrxRPEOcQBt1itrRN/6uyvxI702kCgYBaD9kcAkwPTShG31qZfWBo\n0cncG4t8pVT2F4A53da5+Sto3qsbTvcEGbnVSBs3+dpRDINM6tiyBEaINS5X+FK8\nE6jf+8/QHeq2vgZkmDKw5G6a3CYUR9yG4WVMWeWsr1V8Tr7ZQ+Y/vK46nbklYInv\nksJI50i8Z15ZBa9Ka29qNQKBgCZ7djEhSoLVOMsZELYPiNYOgd/0mSnqZwKXhJhi\ngpvPLGtP6SEw2ysbpcmW2gH7fjApZ9ulSVsFIeW2tkynH1X/SDTlDDj6OIr+3jRb\n5GPYs6MbSPGwrai/7MfebsBoymqzqAUinJ4X58tqoL2UuNwYzY5+hwi/SX3mlABH\nEccBAoGAHsexD6Yh56iPwEmIgZuSXeqG9u6Qh+wkEqJ0RdXYW8FVHaBCwqeNLubJ\nAJqmirmiAO72ZZ58sG5fqt+wJkjPGPbGfYr7kjgUOJ8wNtN6qrL1MS4VQOL68OE3\nLg6cGAm+UV1VXOZ+tYpqMy0KfB4Z7kZTDb74e2NI0wDmEFfxmKs=\n-----END RSA PRIVATE KEY-----\n",
            "public_key_fingerprint_md5": "14:92:b3:df:26:57:d3:15:fa:dc:03:9f:1e:c8:04:7f",
            "public_key_openssh": "ssh-rsa AAAAB3NzaC1yc2EAAAADAQABAAABAQCclkEiyekRdVOZP3WM9B+OTl8s5Xq3L+fLdiLHV4eP0Un8u3xV+wyIUsmJIsTqPmAxt6tkx1dYDuOwI0VPdCYLwFx2sNIj6sSleR1MeQ6lmhbqS6VoQfmHcsehoYYKVct2TRX0zjs+CWWFIJI69bsaeb+VD7OdqYe54nAVRqnvl0PAiCedo4ODDFGNBv6/Os5GggN5QxmUYfi3xmC41bo9Mm7bLXLcqVBkPjFnVytyNENFuis8iUQNT6uWoRIT1fsCFebEd/kHvPVl+CvIiz0cLmNPtDn2WM7/qKi0RpGVFuN2bv5lOkepLVDm6MnUdiby1ag2IbEQ5GxnJuY6Mv9z\n",
            "public_key_pem": "-----BEGIN PUBLIC KEY-----\nMIIBIjANBgkqhkiG9w0BAQEFAAOCAQ8AMIIBCgKCAQEAnJZBIsnpEXVTmT91jPQf\njk5fLOV6ty/ny3Yix1eHj9FJ/Lt8VfsMiFLJiSLE6j5gMberZMdXWA7jsCNFT3Qm\nC8BcdrDSI+rEpXkdTHkOpZoW6kulaEH5h3LHoaGGClXLdk0V9M47PgllhSCSOvW7\nGnm/lQ+znamHueJwFUap75dDwIgnnaODgwxRjQb+vzrORoIDeUMZlGH4t8ZguNW6\nPTJu2y1y3KlQZD4xZ1crcjRDRborPIlEDU+rlqESE9X7AhXmxHf5B7z1ZfgryIs9\nHC5jT7Q59ljO/6iotEaRlRbjdm7+ZTpHqS1Q5ujJ1HYm8tWoNiGxEORsZybmOjL/\ncwIDAQAB\n-----END PUBLIC KEY-----\n",
            "rsa_bits": 2048
          },
          "private": "bnVsbA=="
        }
      ]
    }
  ]
}
